# THIS IS AN AUTOGENERATED FILE. DO NOT EDIT THIS FILE DIRECTLY.
# yarn lockfile v1


"@docusaurus/module-type-aliases@^2.0.0-beta.9":
  version "2.0.0-beta.9"
  resolved "https://registry.yarnpkg.com/@docusaurus/module-type-aliases/-/module-type-aliases-2.0.0-beta.9.tgz#71b9b240b033fcdc6e44bac3d9a83f56a429599b"
  integrity sha512-H8keGRVrGSymmzI1r/9lHx62JVm/9eedja2eJr/eQPkXZlJjht0AEsWt/bwTVJ8qbPthG0G0FPuApJdt+8aK8Q==
  dependencies:
    "@types/react" "*"
    "@types/react-helmet" "*"
    "@types/react-router-config" "*"
    "@types/react-router-dom" "*"

"@tsconfig/docusaurus@^1.0.4":
  version "1.0.4"
  resolved "https://registry.yarnpkg.com/@tsconfig/docusaurus/-/docusaurus-1.0.4.tgz#fc40f87a672568678d83533dd4031a09d75877ca"
  integrity sha512-I6sziQAzLrrqj9r6S26c7aOAjfGVXIE7gWdNONPwnpDcHiMRMQut1s1YCi/APem3dOy23tAb2rvHfNtGCaWuUQ==

"@types/history@*":
  version "4.7.9"
  resolved "https://registry.yarnpkg.com/@types/history/-/history-4.7.9.tgz#1cfb6d60ef3822c589f18e70f8b12f9a28ce8724"
  integrity sha512-MUc6zSmU3tEVnkQ78q0peeEjKWPUADMlC/t++2bI8WnAG2tvYRPIgHG8lWkXwqc8MsUF6Z2MOf+Mh5sazOmhiQ==

"@types/prop-types@*":
  version "15.7.4"
  resolved "https://registry.yarnpkg.com/@types/prop-types/-/prop-types-15.7.4.tgz#fcf7205c25dff795ee79af1e30da2c9790808f11"
  integrity sha512-rZ5drC/jWjrArrS8BR6SIr4cWpW09RNTYt9AMZo3Jwwif+iacXAqgVjm0B0Bv/S1jhDXKHqRVNCbACkJ89RAnQ==

"@types/react-helmet@*":
  version "6.1.4"
  resolved "https://registry.yarnpkg.com/@types/react-helmet/-/react-helmet-6.1.4.tgz#3e54a3eb37ba7fb34ffafc64f425be4e68df03b9"
  integrity sha512-jyx50RNZXVaTGHY3MsoRPNpeiVk8b0XTPgD/O6KHF6COTDnG/+lRjPYvTK5nfWtR3xDOux0w6bHLAsaHo2ZLTA==
  dependencies:
    "@types/react" "*"

"@types/react-router-config@*":
  version "5.0.3"
  resolved "https://registry.yarnpkg.com/@types/react-router-config/-/react-router-config-5.0.3.tgz#72a53561bcb5e13b82c576527b818fa2579591c7"
  integrity sha512-38vpjXic0+E2sIBEKUe+RrCmbc8RqcQhNV8OmU3KUcwgy/yzTeo67MhllP+0zjZWNr7Lhw+RnUkL0hzkf63nUQ==
  dependencies:
    "@types/history" "*"
    "@types/react" "*"
    "@types/react-router" "*"

"@types/react-router-dom@*":
  version "5.3.2"
  resolved "https://registry.yarnpkg.com/@types/react-router-dom/-/react-router-dom-5.3.2.tgz#ebd8e145cf056db5c66eb1dac63c72f52e8542ee"
  integrity sha512-ELEYRUie2czuJzaZ5+ziIp9Hhw+juEw8b7C11YNA4QdLCVbQ3qLi2l4aq8XnlqM7V31LZX8dxUuFUCrzHm6sqQ==
  dependencies:
    "@types/history" "*"
    "@types/react" "*"
    "@types/react-router" "*"

"@types/react-router@*":
  version "5.1.17"
  resolved "https://registry.yarnpkg.com/@types/react-router/-/react-router-5.1.17.tgz#087091006213b11042f39570e5cd414863693968"
  integrity sha512-RNSXOyb3VyRs/EOGmjBhhGKTbnN6fHWvy5FNLzWfOWOGjgVUKqJZXfpKzLmgoU8h6Hj8mpALj/mbXQASOb92wQ==
  dependencies:
    "@types/history" "*"
    "@types/react" "*"

"@types/react@*":
  version "17.0.34"
  resolved "https://registry.yarnpkg.com/@types/react/-/react-17.0.34.tgz#797b66d359b692e3f19991b6b07e4b0c706c0102"
  integrity sha512-46FEGrMjc2+8XhHXILr+3+/sTe3OfzSPU9YGKILLrUYbQ1CLQC9Daqo1KzENGXAWwrFwiY0l4ZbF20gRvgpWTg==
  dependencies:
    "@types/prop-types" "*"
    "@types/scheduler" "*"
    csstype "^3.0.2"

"@types/scheduler@*":
  version "0.16.2"
  resolved "https://registry.yarnpkg.com/@types/scheduler/-/scheduler-0.16.2.tgz#1a62f89525723dde24ba1b01b092bf5df8ad4d39"
  integrity sha512-hppQEBDmlwhFAXKJX2KnWLYu5yMfi91yazPb2l+lbJiwW+wdo1gNeRA+3RgNSO39WYX2euey41KEwnqesU2Jew==

csstype@^3.0.2:
  version "3.0.9"
  resolved "https://registry.yarnpkg.com/csstype/-/csstype-3.0.9.tgz#6410af31b26bd0520933d02cbc64fce9ce3fbf0b"
  integrity sha512-rpw6JPxK6Rfg1zLOYCSwle2GFOOsnjmDYDaBwEcwoOg4qlsIVCN789VkBZDJAGi4T07gI4YSutR43t9Zz4Lzuw==

typescript@^4.4.4:
  version "4.4.4"
  resolved "https://registry.yarnpkg.com/typescript/-/typescript-4.4.4.tgz#2cd01a1a1f160704d3101fd5a58ff0f9fcb8030c"
  integrity sha512-DqGhF5IKoBl8WNf8C1gu8q0xZSInh9j1kJJMqT3a94w1JzVaBU4EXOSMrz9yDqMT0xt3selp83fuFMQ0uzv6qA==
